// !$*UTF8*$!
{
	archiveVersion = 1;
	classes = {
	};
	objectVersion = 50;
	objects = {

/* Begin PBXBuildFile section */
		1A8F13F77641A27FE5F49F55 /* Pods_GeoDiaryUITests.framework in Frameworks */ = {isa = PBXBuildFile; fileRef = BCDA925BA247B0C3A7B23810 /* Pods_GeoDiaryUITests.framework */; };
		2C4EF4A4D8F8341540F63608 /* Pods_GeoDiaryTests.framework in Frameworks */ = {isa = PBXBuildFile; fileRef = E869C5F0C4EA861B16DAFE20 /* Pods_GeoDiaryTests.framework */; };
		B6C84818B1B5E52EC3348DE5 /* Pods_GeoDiary.framework in Frameworks */ = {isa = PBXBuildFile; fileRef = AD68FFA3C24B6128A2F67016 /* Pods_GeoDiary.framework */; };
		D96587CC2274E199002654F7 /* CollectionView.swift in Sources */ = {isa = PBXBuildFile; fileRef = D96587CB2274E199002654F7 /* CollectionView.swift */; };
		D96587CE2274EE32002654F7 /* UserDefaultsHelper.swift in Sources */ = {isa = PBXBuildFile; fileRef = D96587CD2274EE32002654F7 /* UserDefaultsHelper.swift */; };
		D9941DA62269811500D01F97 /* AppDelegate.swift in Sources */ = {isa = PBXBuildFile; fileRef = D9941DA52269811500D01F97 /* AppDelegate.swift */; };
		D9941DA82269811500D01F97 /* ViewController.swift in Sources */ = {isa = PBXBuildFile; fileRef = D9941DA72269811500D01F97 /* ViewController.swift */; };
		D9941DAB2269811500D01F97 /* Main.storyboard in Resources */ = {isa = PBXBuildFile; fileRef = D9941DA92269811500D01F97 /* Main.storyboard */; };
		D9941DAD2269811700D01F97 /* Assets.xcassets in Resources */ = {isa = PBXBuildFile; fileRef = D9941DAC2269811700D01F97 /* Assets.xcassets */; };
		D9941DB02269811700D01F97 /* LaunchScreen.storyboard in Resources */ = {isa = PBXBuildFile; fileRef = D9941DAE2269811700D01F97 /* LaunchScreen.storyboard */; };
		D9941DBB2269811700D01F97 /* GeoDiaryTests.swift in Sources */ = {isa = PBXBuildFile; fileRef = D9941DBA2269811700D01F97 /* GeoDiaryTests.swift */; };
		D9941DC62269811700D01F97 /* GeoDiaryUITests.swift in Sources */ = {isa = PBXBuildFile; fileRef = D9941DC52269811700D01F97 /* GeoDiaryUITests.swift */; };
		D9941DD42269848D00D01F97 /* GoogleService-Info.plist in Resources */ = {isa = PBXBuildFile; fileRef = D9941DD32269848D00D01F97 /* GoogleService-Info.plist */; };
		D9941DD52269848D00D01F97 /* GoogleService-Info.plist in Resources */ = {isa = PBXBuildFile; fileRef = D9941DD32269848D00D01F97 /* GoogleService-Info.plist */; };
		D9941DD62269848D00D01F97 /* GoogleService-Info.plist in Resources */ = {isa = PBXBuildFile; fileRef = D9941DD32269848D00D01F97 /* GoogleService-Info.plist */; };
		D997214C227D353D006D0FAC /* AddNewMerchantView.swift in Sources */ = {isa = PBXBuildFile; fileRef = D997214B227D353D006D0FAC /* AddNewMerchantView.swift */; };
		D9B7E1B722765FE900E28BFD /* SpecificCollectionView.swift in Sources */ = {isa = PBXBuildFile; fileRef = D9B7E1B622765FE900E28BFD /* SpecificCollectionView.swift */; };
		D9B7E1B922766D9500E28BFD /* Merchant.swift in Sources */ = {isa = PBXBuildFile; fileRef = D9B7E1B822766D9500E28BFD /* Merchant.swift */; };
		D9B7E1BB2276772C00E28BFD /* SpecificMerchantView.swift in Sources */ = {isa = PBXBuildFile; fileRef = D9B7E1BA2276772C00E28BFD /* SpecificMerchantView.swift */; };
		D9B7E1C122768D2700E28BFD /* EditMerchantView.swift in Sources */ = {isa = PBXBuildFile; fileRef = D9B7E1C022768D2700E28BFD /* EditMerchantView.swift */; };
/* End PBXBuildFile section */

/* Begin PBXContainerItemProxy section */
		D9941DB72269811700D01F97 /* PBXContainerItemProxy */ = {
			isa = PBXContainerItemProxy;
			containerPortal = D9941D9A2269811500D01F97 /* Project object */;
			proxyType = 1;
			remoteGlobalIDString = D9941DA12269811500D01F97;
			remoteInfo = GeoDiary;
		};
		D9941DC22269811700D01F97 /* PBXContainerItemProxy */ = {
			isa = PBXContainerItemProxy;
			containerPortal = D9941D9A2269811500D01F97 /* Project object */;
			proxyType = 1;
			remoteGlobalIDString = D9941DA12269811500D01F97;
			remoteInfo = GeoDiary;
		};
/* End PBXContainerItemProxy section */

/* Begin PBXFileReference section */
		1EF819DF9C5328EB9441202D /* Pods-GeoDiaryUITests.release.xcconfig */ = {isa = PBXFileReference; includeInIndex = 1; lastKnownFileType = text.xcconfig; name = "Pods-GeoDiaryUITests.release.xcconfig"; path = "Target Support Files/Pods-GeoDiaryUITests/Pods-GeoDiaryUITests.release.xcconfig"; sourceTree = "<group>"; };
		AAF6B277FA19544F6608A75B /* Pods-GeoDiary.debug.xcconfig */ = {isa = PBXFileReference; includeInIndex = 1; lastKnownFileType = text.xcconfig; name = "Pods-GeoDiary.debug.xcconfig"; path = "Target Support Files/Pods-GeoDiary/Pods-GeoDiary.debug.xcconfig"; sourceTree = "<group>"; };
		AD68FFA3C24B6128A2F67016 /* Pods_GeoDiary.framework */ = {isa = PBXFileReference; explicitFileType = wrapper.framework; includeInIndex = 0; path = Pods_GeoDiary.framework; sourceTree = BUILT_PRODUCTS_DIR; };
		BCDA925BA247B0C3A7B23810 /* Pods_GeoDiaryUITests.framework */ = {isa = PBXFileReference; explicitFileType = wrapper.framework; includeInIndex = 0; path = Pods_GeoDiaryUITests.framework; sourceTree = BUILT_PRODUCTS_DIR; };
		CE6C994C1E00BCAD2D21834D /* Pods-GeoDiaryUITests.debug.xcconfig */ = {isa = PBXFileReference; includeInIndex = 1; lastKnownFileType = text.xcconfig; name = "Pods-GeoDiaryUITests.debug.xcconfig"; path = "Target Support Files/Pods-GeoDiaryUITests/Pods-GeoDiaryUITests.debug.xcconfig"; sourceTree = "<group>"; };
		D96587CB2274E199002654F7 /* CollectionView.swift */ = {isa = PBXFileReference; lastKnownFileType = sourcecode.swift; path = CollectionView.swift; sourceTree = "<group>"; };
		D96587CD2274EE32002654F7 /* UserDefaultsHelper.swift */ = {isa = PBXFileReference; lastKnownFileType = sourcecode.swift; path = UserDefaultsHelper.swift; sourceTree = "<group>"; };
		D9941DA22269811500D01F97 /* GeoDiary.app */ = {isa = PBXFileReference; explicitFileType = wrapper.application; includeInIndex = 0; path = GeoDiary.app; sourceTree = BUILT_PRODUCTS_DIR; };
		D9941DA52269811500D01F97 /* AppDelegate.swift */ = {isa = PBXFileReference; lastKnownFileType = sourcecode.swift; path = AppDelegate.swift; sourceTree = "<group>"; };
		D9941DA72269811500D01F97 /* ViewController.swift */ = {isa = PBXFileReference; lastKnownFileType = sourcecode.swift; path = ViewController.swift; sourceTree = "<group>"; };
		D9941DAA2269811500D01F97 /* Base */ = {isa = PBXFileReference; lastKnownFileType = file.storyboard; name = Base; path = Base.lproj/Main.storyboard; sourceTree = "<group>"; };
		D9941DAC2269811700D01F97 /* Assets.xcassets */ = {isa = PBXFileReference; lastKnownFileType = folder.assetcatalog; path = Assets.xcassets; sourceTree = "<group>"; };
		D9941DAF2269811700D01F97 /* Base */ = {isa = PBXFileReference; lastKnownFileType = file.storyboard; name = Base; path = Base.lproj/LaunchScreen.storyboard; sourceTree = "<group>"; };
		D9941DB12269811700D01F97 /* Info.plist */ = {isa = PBXFileReference; lastKnownFileType = text.plist.xml; path = Info.plist; sourceTree = "<group>"; };
		D9941DB62269811700D01F97 /* GeoDiaryTests.xctest */ = {isa = PBXFileReference; explicitFileType = wrapper.cfbundle; includeInIndex = 0; path = GeoDiaryTests.xctest; sourceTree = BUILT_PRODUCTS_DIR; };
		D9941DBA2269811700D01F97 /* GeoDiaryTests.swift */ = {isa = PBXFileReference; lastKnownFileType = sourcecode.swift; path = GeoDiaryTests.swift; sourceTree = "<group>"; };
		D9941DBC2269811700D01F97 /* Info.plist */ = {isa = PBXFileReference; lastKnownFileType = text.plist.xml; path = Info.plist; sourceTree = "<group>"; };
		D9941DC12269811700D01F97 /* GeoDiaryUITests.xctest */ = {isa = PBXFileReference; explicitFileType = wrapper.cfbundle; includeInIndex = 0; path = GeoDiaryUITests.xctest; sourceTree = BUILT_PRODUCTS_DIR; };
		D9941DC52269811700D01F97 /* GeoDiaryUITests.swift */ = {isa = PBXFileReference; lastKnownFileType = sourcecode.swift; path = GeoDiaryUITests.swift; sourceTree = "<group>"; };
		D9941DC72269811700D01F97 /* Info.plist */ = {isa = PBXFileReference; lastKnownFileType = text.plist.xml; path = Info.plist; sourceTree = "<group>"; };
		D9941DD32269848D00D01F97 /* GoogleService-Info.plist */ = {isa = PBXFileReference; fileEncoding = 4; lastKnownFileType = text.plist.xml; name = "GoogleService-Info.plist"; path = "../../GoogleService-Info.plist"; sourceTree = "<group>"; };
		D997214B227D353D006D0FAC /* AddNewMerchantView.swift */ = {isa = PBXFileReference; lastKnownFileType = sourcecode.swift; path = AddNewMerchantView.swift; sourceTree = "<group>"; };
		D9B7E1B622765FE900E28BFD /* SpecificCollectionView.swift */ = {isa = PBXFileReference; lastKnownFileType = sourcecode.swift; path = SpecificCollectionView.swift; sourceTree = "<group>"; };
		D9B7E1B822766D9500E28BFD /* Merchant.swift */ = {isa = PBXFileReference; lastKnownFileType = sourcecode.swift; path = Merchant.swift; sourceTree = "<group>"; };
		D9B7E1BA2276772C00E28BFD /* SpecificMerchantView.swift */ = {isa = PBXFileReference; lastKnownFileType = sourcecode.swift; path = SpecificMerchantView.swift; sourceTree = "<group>"; };
		D9B7E1C022768D2700E28BFD /* EditMerchantView.swift */ = {isa = PBXFileReference; lastKnownFileType = sourcecode.swift; path = EditMerchantView.swift; sourceTree = "<group>"; };
		E5DF84ACAAFB47C7D486FEE4 /* Pods-GeoDiaryTests.debug.xcconfig */ = {isa = PBXFileReference; includeInIndex = 1; lastKnownFileType = text.xcconfig; name = "Pods-GeoDiaryTests.debug.xcconfig"; path = "Target Support Files/Pods-GeoDiaryTests/Pods-GeoDiaryTests.debug.xcconfig"; sourceTree = "<group>"; };
		E869C5F0C4EA861B16DAFE20 /* Pods_GeoDiaryTests.framework */ = {isa = PBXFileReference; explicitFileType = wrapper.framework; includeInIndex = 0; path = Pods_GeoDiaryTests.framework; sourceTree = BUILT_PRODUCTS_DIR; };
		F88B00ABD79A0EB66D66A3B7 /* Pods-GeoDiary.release.xcconfig */ = {isa = PBXFileReference; includeInIndex = 1; lastKnownFileType = text.xcconfig; name = "Pods-GeoDiary.release.xcconfig"; path = "Target Support Files/Pods-GeoDiary/Pods-GeoDiary.release.xcconfig"; sourceTree = "<group>"; };
		F89AB419E3974AD17437CDF4 /* Pods-GeoDiaryTests.release.xcconfig */ = {isa = PBXFileReference; includeInIndex = 1; lastKnownFileType = text.xcconfig; name = "Pods-GeoDiaryTests.release.xcconfig"; path = "Target Support Files/Pods-GeoDiaryTests/Pods-GeoDiaryTests.release.xcconfig"; sourceTree = "<group>"; };
/* End PBXFileReference section */

/* Begin PBXFrameworksBuildPhase section */
		D9941D9F2269811500D01F97 /* Frameworks */ = {
			isa = PBXFrameworksBuildPhase;
			buildActionMask = 2147483647;
			files = (
				B6C84818B1B5E52EC3348DE5 /* Pods_GeoDiary.framework in Frameworks */,
			);
			runOnlyForDeploymentPostprocessing = 0;
		};
		D9941DB32269811700D01F97 /* Frameworks */ = {
			isa = PBXFrameworksBuildPhase;
			buildActionMask = 2147483647;
			files = (
				2C4EF4A4D8F8341540F63608 /* Pods_GeoDiaryTests.framework in Frameworks */,
			);
			runOnlyForDeploymentPostprocessing = 0;
		};
		D9941DBE2269811700D01F97 /* Frameworks */ = {
			isa = PBXFrameworksBuildPhase;
			buildActionMask = 2147483647;
			files = (
				1A8F13F77641A27FE5F49F55 /* Pods_GeoDiaryUITests.framework in Frameworks */,
			);
			runOnlyForDeploymentPostprocessing = 0;
		};
/* End PBXFrameworksBuildPhase section */

/* Begin PBXGroup section */
		3ED8DBF052959556301D0C00 /* Frameworks */ = {
			isa = PBXGroup;
			children = (
				AD68FFA3C24B6128A2F67016 /* Pods_GeoDiary.framework */,
				E869C5F0C4EA861B16DAFE20 /* Pods_GeoDiaryTests.framework */,
				BCDA925BA247B0C3A7B23810 /* Pods_GeoDiaryUITests.framework */,
			);
			name = Frameworks;
			sourceTree = "<group>";
		};
		D9941D992269811500D01F97 = {
			isa = PBXGroup;
			children = (
				D9941DA42269811500D01F97 /* GeoDiary */,
				D9941DB92269811700D01F97 /* GeoDiaryTests */,
				D9941DC42269811700D01F97 /* GeoDiaryUITests */,
				D9941DA32269811500D01F97 /* Products */,
				FA08AF3FE2FC7F1D9E812960 /* Pods */,
				3ED8DBF052959556301D0C00 /* Frameworks */,
			);
			sourceTree = "<group>";
		};
		D9941DA32269811500D01F97 /* Products */ = {
			isa = PBXGroup;
			children = (
				D9941DA22269811500D01F97 /* GeoDiary.app */,
				D9941DB62269811700D01F97 /* GeoDiaryTests.xctest */,
				D9941DC12269811700D01F97 /* GeoDiaryUITests.xctest */,
			);
			name = Products;
			sourceTree = "<group>";
		};
		D9941DA42269811500D01F97 /* GeoDiary */ = {
			isa = PBXGroup;
			children = (
				D9941DA52269811500D01F97 /* AppDelegate.swift */,
				D9941DA72269811500D01F97 /* ViewController.swift */,
				D96587CB2274E199002654F7 /* CollectionView.swift */,
				D96587CD2274EE32002654F7 /* UserDefaultsHelper.swift */,
				D9941DA92269811500D01F97 /* Main.storyboard */,
				D997214B227D353D006D0FAC /* AddNewMerchantView.swift */,
				D9B7E1C022768D2700E28BFD /* EditMerchantView.swift */,
				D9B7E1B622765FE900E28BFD /* SpecificCollectionView.swift */,
				D9B7E1BA2276772C00E28BFD /* SpecificMerchantView.swift */,
				D9B7E1B822766D9500E28BFD /* Merchant.swift */,
				D9941DAC2269811700D01F97 /* Assets.xcassets */,
				D9941DAE2269811700D01F97 /* LaunchScreen.storyboard */,
				D9941DB12269811700D01F97 /* Info.plist */,
				D9941DD32269848D00D01F97 /* GoogleService-Info.plist */,
			);
			path = GeoDiary;
			sourceTree = "<group>";
		};
		D9941DB92269811700D01F97 /* GeoDiaryTests */ = {
			isa = PBXGroup;
			children = (
				D9941DBA2269811700D01F97 /* GeoDiaryTests.swift */,
				D9941DBC2269811700D01F97 /* Info.plist */,
			);
			path = GeoDiaryTests;
			sourceTree = "<group>";
		};
		D9941DC42269811700D01F97 /* GeoDiaryUITests */ = {
			isa = PBXGroup;
			children = (
				D9941DC52269811700D01F97 /* GeoDiaryUITests.swift */,
				D9941DC72269811700D01F97 /* Info.plist */,
			);
			path = GeoDiaryUITests;
			sourceTree = "<group>";
		};
		FA08AF3FE2FC7F1D9E812960 /* Pods */ = {
			isa = PBXGroup;
			children = (
				AAF6B277FA19544F6608A75B /* Pods-GeoDiary.debug.xcconfig */,
				F88B00ABD79A0EB66D66A3B7 /* Pods-GeoDiary.release.xcconfig */,
				E5DF84ACAAFB47C7D486FEE4 /* Pods-GeoDiaryTests.debug.xcconfig */,
				F89AB419E3974AD17437CDF4 /* Pods-GeoDiaryTests.release.xcconfig */,
				CE6C994C1E00BCAD2D21834D /* Pods-GeoDiaryUITests.debug.xcconfig */,
				1EF819DF9C5328EB9441202D /* Pods-GeoDiaryUITests.release.xcconfig */,
			);
			path = Pods;
			sourceTree = "<group>";
		};
/* End PBXGroup section */

/* Begin PBXNativeTarget section */
		D9941DA12269811500D01F97 /* GeoDiary */ = {
			isa = PBXNativeTarget;
			buildConfigurationList = D9941DCA2269811700D01F97 /* Build configuration list for PBXNativeTarget "GeoDiary" */;
			buildPhases = (
				514F85C6C1FE41D2EC1BD4C7 /* [CP] Check Pods Manifest.lock */,
				D9941D9E2269811500D01F97 /* Sources */,
				D9941D9F2269811500D01F97 /* Frameworks */,
				D9941DA02269811500D01F97 /* Resources */,
				FA3FF60CD7670708ABC24F89 /* [CP] Embed Pods Frameworks */,
				FC08C7877006F8B3230DFDDB /* [CP] Copy Pods Resources */,
			);
			buildRules = (
			);
			dependencies = (
			);
			name = GeoDiary;
			productName = GeoDiary;
			productReference = D9941DA22269811500D01F97 /* GeoDiary.app */;
			productType = "com.apple.product-type.application";
		};
		D9941DB52269811700D01F97 /* GeoDiaryTests */ = {
			isa = PBXNativeTarget;
			buildConfigurationList = D9941DCD2269811700D01F97 /* Build configuration list for PBXNativeTarget "GeoDiaryTests" */;
			buildPhases = (
				5FDEAADB11EF72C5ED94014E /* [CP] Check Pods Manifest.lock */,
				D9941DB22269811700D01F97 /* Sources */,
				D9941DB32269811700D01F97 /* Frameworks */,
				D9941DB42269811700D01F97 /* Resources */,
			);
			buildRules = (
			);
			dependencies = (
				D9941DB82269811700D01F97 /* PBXTargetDependency */,
			);
			name = GeoDiaryTests;
			productName = GeoDiaryTests;
			productReference = D9941DB62269811700D01F97 /* GeoDiaryTests.xctest */;
			productType = "com.apple.product-type.bundle.unit-test";
		};
		D9941DC02269811700D01F97 /* GeoDiaryUITests */ = {
			isa = PBXNativeTarget;
			buildConfigurationList = D9941DD02269811700D01F97 /* Build configuration list for PBXNativeTarget "GeoDiaryUITests" */;
			buildPhases = (
				E42125B8899305223C5588E9 /* [CP] Check Pods Manifest.lock */,
				D9941DBD2269811700D01F97 /* Sources */,
				D9941DBE2269811700D01F97 /* Frameworks */,
				D9941DBF2269811700D01F97 /* Resources */,
			);
			buildRules = (
			);
			dependencies = (
				D9941DC32269811700D01F97 /* PBXTargetDependency */,
			);
			name = GeoDiaryUITests;
			productName = GeoDiaryUITests;
			productReference = D9941DC12269811700D01F97 /* GeoDiaryUITests.xctest */;
			productType = "com.apple.product-type.bundle.ui-testing";
		};
/* End PBXNativeTarget section */

/* Begin PBXProject section */
		D9941D9A2269811500D01F97 /* Project object */ = {
			isa = PBXProject;
			attributes = {
				LastSwiftUpdateCheck = 1010;
				LastUpgradeCheck = 1010;
				ORGANIZATIONNAME = nyu.edu;
				TargetAttributes = {
					D9941DA12269811500D01F97 = {
						CreatedOnToolsVersion = 10.1;
					};
					D9941DB52269811700D01F97 = {
						CreatedOnToolsVersion = 10.1;
						TestTargetID = D9941DA12269811500D01F97;
					};
					D9941DC02269811700D01F97 = {
						CreatedOnToolsVersion = 10.1;
						TestTargetID = D9941DA12269811500D01F97;
					};
				};
			};
			buildConfigurationList = D9941D9D2269811500D01F97 /* Build configuration list for PBXProject "GeoDiary" */;
			compatibilityVersion = "Xcode 9.3";
			developmentRegion = en;
			hasScannedForEncodings = 0;
			knownRegions = (
				en,
				Base,
			);
			mainGroup = D9941D992269811500D01F97;
			productRefGroup = D9941DA32269811500D01F97 /* Products */;
			projectDirPath = "";
			projectRoot = "";
			targets = (
				D9941DA12269811500D01F97 /* GeoDiary */,
				D9941DB52269811700D01F97 /* GeoDiaryTests */,
				D9941DC02269811700D01F97 /* GeoDiaryUITests */,
			);
		};
/* End PBXProject section */

/* Begin PBXResourcesBuildPhase section */
		D9941DA02269811500D01F97 /* Resources */ = {
			isa = PBXResourcesBuildPhase;
			buildActionMask = 2147483647;
			files = (
				D9941DB02269811700D01F97 /* LaunchScreen.storyboard in Resources */,
				D9941DD42269848D00D01F97 /* GoogleService-Info.plist in Resources */,
				D9941DAD2269811700D01F97 /* Assets.xcassets in Resources */,
				D9941DAB2269811500D01F97 /* Main.storyboard in Resources */,
			);
			runOnlyForDeploymentPostprocessing = 0;
		};
		D9941DB42269811700D01F97 /* Resources */ = {
			isa = PBXResourcesBuildPhase;
			buildActionMask = 2147483647;
			files = (
				D9941DD52269848D00D01F97 /* GoogleService-Info.plist in Resources */,
			);
			runOnlyForDeploymentPostprocessing = 0;
		};
		D9941DBF2269811700D01F97 /* Resources */ = {
			isa = PBXResourcesBuildPhase;
			buildActionMask = 2147483647;
			files = (
				D9941DD62269848D00D01F97 /* GoogleService-Info.plist in Resources */,
			);
			runOnlyForDeploymentPostprocessing = 0;
		};
/* End PBXResourcesBuildPhase section */

/* Begin PBXShellScriptBuildPhase section */
		514F85C6C1FE41D2EC1BD4C7 /* [CP] Check Pods Manifest.lock */ = {
			isa = PBXShellScriptBuildPhase;
			buildActionMask = 2147483647;
			files = (
			);
			inputFileListPaths = (
			);
			inputPaths = (
				"${PODS_PODFILE_DIR_PATH}/Podfile.lock",
				"${PODS_ROOT}/Manifest.lock",
			);
			name = "[CP] Check Pods Manifest.lock";
			outputFileListPaths = (
			);
			outputPaths = (
				"$(DERIVED_FILE_DIR)/Pods-GeoDiary-checkManifestLockResult.txt",
			);
			runOnlyForDeploymentPostprocessing = 0;
			shellPath = /bin/sh;
			shellScript = "diff \"${PODS_PODFILE_DIR_PATH}/Podfile.lock\" \"${PODS_ROOT}/Manifest.lock\" > /dev/null\nif [ $? != 0 ] ; then\n    # print error to STDERR\n    echo \"error: The sandbox is not in sync with the Podfile.lock. Run 'pod install' or update your CocoaPods installation.\" >&2\n    exit 1\nfi\n# This output is used by Xcode 'outputs' to avoid re-running this script phase.\necho \"SUCCESS\" > \"${SCRIPT_OUTPUT_FILE_0}\"\n";
			showEnvVarsInLog = 0;
		};
		5FDEAADB11EF72C5ED94014E /* [CP] Check Pods Manifest.lock */ = {
			isa = PBXShellScriptBuildPhase;
			buildActionMask = 2147483647;
			files = (
			);
			inputFileListPaths = (
			);
			inputPaths = (
				"${PODS_PODFILE_DIR_PATH}/Podfile.lock",
				"${PODS_ROOT}/Manifest.lock",
			);
			name = "[CP] Check Pods Manifest.lock";
			outputFileListPaths = (
			);
			outputPaths = (
				"$(DERIVED_FILE_DIR)/Pods-GeoDiaryTests-checkManifestLockResult.txt",
			);
			runOnlyForDeploymentPostprocessing = 0;
			shellPath = /bin/sh;
			shellScript = "diff \"${PODS_PODFILE_DIR_PATH}/Podfile.lock\" \"${PODS_ROOT}/Manifest.lock\" > /dev/null\nif [ $? != 0 ] ; then\n    # print error to STDERR\n    echo \"error: The sandbox is not in sync with the Podfile.lock. Run 'pod install' or update your CocoaPods installation.\" >&2\n    exit 1\nfi\n# This output is used by Xcode 'outputs' to avoid re-running this script phase.\necho \"SUCCESS\" > \"${SCRIPT_OUTPUT_FILE_0}\"\n";
			showEnvVarsInLog = 0;
		};
		E42125B8899305223C5588E9 /* [CP] Check Pods Manifest.lock */ = {
			isa = PBXShellScriptBuildPhase;
			buildActionMask = 2147483647;
			files = (
			);
			inputFileListPaths = (
			);
			inputPaths = (
				"${PODS_PODFILE_DIR_PATH}/Podfile.lock",
				"${PODS_ROOT}/Manifest.lock",
			);
			name = "[CP] Check Pods Manifest.lock";
			outputFileListPaths = (
			);
			outputPaths = (
				"$(DERIVED_FILE_DIR)/Pods-GeoDiaryUITests-checkManifestLockResult.txt",
			);
			runOnlyForDeploymentPostprocessing = 0;
			shellPath = /bin/sh;
			shellScript = "diff \"${PODS_PODFILE_DIR_PATH}/Podfile.lock\" \"${PODS_ROOT}/Manifest.lock\" > /dev/null\nif [ $? != 0 ] ; then\n    # print error to STDERR\n    echo \"error: The sandbox is not in sync with the Podfile.lock. Run 'pod install' or update your CocoaPods installation.\" >&2\n    exit 1\nfi\n# This output is used by Xcode 'outputs' to avoid re-running this script phase.\necho \"SUCCESS\" > \"${SCRIPT_OUTPUT_FILE_0}\"\n";
			showEnvVarsInLog = 0;
		};
		FA3FF60CD7670708ABC24F89 /* [CP] Embed Pods Frameworks */ = {
			isa = PBXShellScriptBuildPhase;
			buildActionMask = 2147483647;
			files = (
			);
			inputFileListPaths = (
			);
			inputPaths = (
				"${PODS_ROOT}/Target Support Files/Pods-GeoDiary/Pods-GeoDiary-frameworks.sh",
				"${BUILT_PRODUCTS_DIR}/BoringSSL-GRPC/openssl_grpc.framework",
				"${BUILT_PRODUCTS_DIR}/GTMSessionFetcher/GTMSessionFetcher.framework",
				"${BUILT_PRODUCTS_DIR}/GoogleToolboxForMac/GoogleToolboxForMac.framework",
				"${BUILT_PRODUCTS_DIR}/GoogleUtilities/GoogleUtilities.framework",
				"${BUILT_PRODUCTS_DIR}/Protobuf/Protobuf.framework",
				"${BUILT_PRODUCTS_DIR}/gRPC-C++/grpcpp.framework",
				"${BUILT_PRODUCTS_DIR}/gRPC-Core/grpc.framework",
				"${BUILT_PRODUCTS_DIR}/leveldb-library/leveldb.framework",
				"${BUILT_PRODUCTS_DIR}/nanopb/nanopb.framework",
			);
			name = "[CP] Embed Pods Frameworks";
			outputFileListPaths = (
			);
			outputPaths = (
				"${TARGET_BUILD_DIR}/${FRAMEWORKS_FOLDER_PATH}/openssl_grpc.framework",
				"${TARGET_BUILD_DIR}/${FRAMEWORKS_FOLDER_PATH}/GTMSessionFetcher.framework",
				"${TARGET_BUILD_DIR}/${FRAMEWORKS_FOLDER_PATH}/GoogleToolboxForMac.framework",
				"${TARGET_BUILD_DIR}/${FRAMEWORKS_FOLDER_PATH}/GoogleUtilities.framework",
				"${TARGET_BUILD_DIR}/${FRAMEWORKS_FOLDER_PATH}/Protobuf.framework",
				"${TARGET_BUILD_DIR}/${FRAMEWORKS_FOLDER_PATH}/grpcpp.framework",
				"${TARGET_BUILD_DIR}/${FRAMEWORKS_FOLDER_PATH}/grpc.framework",
				"${TARGET_BUILD_DIR}/${FRAMEWORKS_FOLDER_PATH}/leveldb.framework",
				"${TARGET_BUILD_DIR}/${FRAMEWORKS_FOLDER_PATH}/nanopb.framework",
			);
			runOnlyForDeploymentPostprocessing = 0;
			shellPath = /bin/sh;
			shellScript = "\"${PODS_ROOT}/Target Support Files/Pods-GeoDiary/Pods-GeoDiary-frameworks.sh\"\n";
			showEnvVarsInLog = 0;
		};
		FC08C7877006F8B3230DFDDB /* [CP] Copy Pods Resources */ = {
			isa = PBXShellScriptBuildPhase;
			buildActionMask = 2147483647;
			files = (
			);
			inputFileListPaths = (
			);
			inputPaths = (
				"${PODS_ROOT}/Target Support Files/Pods-GeoDiary/Pods-GeoDiary-resources.sh",
				"${PODS_ROOT}/GoogleSignIn/Resources/GoogleSignIn.bundle",
			);
			name = "[CP] Copy Pods Resources";
			outputFileListPaths = (
			);
			outputPaths = (
				"${TARGET_BUILD_DIR}/${UNLOCALIZED_RESOURCES_FOLDER_PATH}/GoogleSignIn.bundle",
			);
			runOnlyForDeploymentPostprocessing = 0;
			shellPath = /bin/sh;
			shellScript = "\"${PODS_ROOT}/Target Support Files/Pods-GeoDiary/Pods-GeoDiary-resources.sh\"\n";
			showEnvVarsInLog = 0;
		};
/* End PBXShellScriptBuildPhase section */

/* Begin PBXSourcesBuildPhase section */
		D9941D9E2269811500D01F97 /* Sources */ = {
			isa = PBXSourcesBuildPhase;
			buildActionMask = 2147483647;
			files = (
				D9B7E1BB2276772C00E28BFD /* SpecificMerchantView.swift in Sources */,
				D96587CC2274E199002654F7 /* CollectionView.swift in Sources */,
				D9B7E1B722765FE900E28BFD /* SpecificCollectionView.swift in Sources */,
				D9941DA82269811500D01F97 /* ViewController.swift in Sources */,
				D9B7E1C122768D2700E28BFD /* EditMerchantView.swift in Sources */,
				D997214C227D353D006D0FAC /* AddNewMerchantView.swift in Sources */,
				D96587CE2274EE32002654F7 /* UserDefaultsHelper.swift in Sources */,
				D9941DA62269811500D01F97 /* AppDelegate.swift in Sources */,
				D9B7E1B922766D9500E28BFD /* Merchant.swift in Sources */,
			);
			runOnlyForDeploymentPostprocessing = 0;
		};
		D9941DB22269811700D01F97 /* Sources */ = {
			isa = PBXSourcesBuildPhase;
			buildActionMask = 2147483647;
			files = (
				D9941DBB2269811700D01F97 /* GeoDiaryTests.swift in Sources */,
			);
			runOnlyForDeploymentPostprocessing = 0;
		};
		D9941DBD2269811700D01F97 /* Sources */ = {
			isa = PBXSourcesBuildPhase;
			buildActionMask = 2147483647;
			files = (
				D9941DC62269811700D01F97 /* GeoDiaryUITests.swift in Sources */,
			);
			runOnlyForDeploymentPostprocessing = 0;
		};
/* End PBXSourcesBuildPhase section */

/* Begin PBXTargetDependency section */
		D9941DB82269811700D01F97 /* PBXTargetDependency */ = {
			isa = PBXTargetDependency;
			target = D9941DA12269811500D01F97 /* GeoDiary */;
			targetProxy = D9941DB72269811700D01F97 /* PBXContainerItemProxy */;
		};
		D9941DC32269811700D01F97 /* PBXTargetDependency */ = {
			isa = PBXTargetDependency;
			target = D9941DA12269811500D01F97 /* GeoDiary */;
			targetProxy = D9941DC22269811700D01F97 /* PBXContainerItemProxy */;
		};
/* End PBXTargetDependency section */

/* Begin PBXVariantGroup section */
		D9941DA92269811500D01F97 /* Main.storyboard */ = {
			isa = PBXVariantGroup;
			children = (
				D9941DAA2269811500D01F97 /* Base */,
			);
			name = Main.storyboard;
			sourceTree = "<group>";
		};
		D9941DAE2269811700D01F97 /* LaunchScreen.storyboard */ = {
			isa = PBXVariantGroup;
			children = (
				D9941DAF2269811700D01F97 /* Base */,
			);
			name = LaunchScreen.storyboard;
			sourceTree = "<group>";
		};
/* End PBXVariantGroup section */

/* Begin XCBuildConfiguration section */
		D9941DC82269811700D01F97 /* Debug */ = {
			isa = XCBuildConfiguration;
			buildSettings = {
				ALWAYS_SEARCH_USER_PATHS = NO;
				CLANG_ANALYZER_NONNULL = YES;
				CLANG_ANALYZER_NUMBER_OBJECT_CONVERSION = YES_AGGRESSIVE;
				CLANG_CXX_LANGUAGE_STANDARD = "gnu++14";
				CLANG_CXX_LIBRARY = "libc++";
				CLANG_ENABLE_MODULES = YES;
				CLANG_ENABLE_OBJC_ARC = YES;
				CLANG_ENABLE_OBJC_WEAK = YES;
				CLANG_WARN_BLOCK_CAPTURE_AUTORELEASING = YES;
				CLANG_WARN_BOOL_CONVERSION = YES;
				CLANG_WARN_COMMA = YES;
				CLANG_WARN_CONSTANT_CONVERSION = YES;
				CLANG_WARN_DEPRECATED_OBJC_IMPLEMENTATIONS = YES;
				CLANG_WARN_DIRECT_OBJC_ISA_USAGE = YES_ERROR;
				CLANG_WARN_DOCUMENTATION_COMMENTS = YES;
				CLANG_WARN_EMPTY_BODY = YES;
				CLANG_WARN_ENUM_CONVERSION = YES;
				CLANG_WARN_INFINITE_RECURSION = YES;
				CLANG_WARN_INT_CONVERSION = YES;
				CLANG_WARN_NON_LITERAL_NULL_CONVERSION = YES;
				CLANG_WARN_OBJC_IMPLICIT_RETAIN_SELF = YES;
				CLANG_WARN_OBJC_LITERAL_CONVERSION = YES;
				CLANG_WARN_OBJC_ROOT_CLASS = YES_ERROR;
				CLANG_WARN_RANGE_LOOP_ANALYSIS = YES;
				CLANG_WARN_STRICT_PROTOTYPES = YES;
				CLANG_WARN_SUSPICIOUS_MOVE = YES;
				CLANG_WARN_UNGUARDED_AVAILABILITY = YES_AGGRESSIVE;
				CLANG_WARN_UNREACHABLE_CODE = YES;
				CLANG_WARN__DUPLICATE_METHOD_MATCH = YES;
				CODE_SIGN_IDENTITY = "iPhone Developer";
				COPY_PHASE_STRIP = NO;
				DEBUG_INFORMATION_FORMAT = dwarf;
				ENABLE_STRICT_OBJC_MSGSEND = YES;
				ENABLE_TESTABILITY = YES;
				GCC_C_LANGUAGE_STANDARD = gnu11;
				GCC_DYNAMIC_NO_PIC = NO;
				GCC_NO_COMMON_BLOCKS = YES;
				GCC_OPTIMIZATION_LEVEL = 0;
				GCC_PREPROCESSOR_DEFINITIONS = (
					"DEBUG=1",
					"$(inherited)",
				);
				GCC_WARN_64_TO_32_BIT_CONVERSION = YES;
				GCC_WARN_ABOUT_RETURN_TYPE = YES_ERROR;
				GCC_WARN_UNDECLARED_SELECTOR = YES;
				GCC_WARN_UNINITIALIZED_AUTOS = YES_AGGRESSIVE;
				GCC_WARN_UNUSED_FUNCTION = YES;
				GCC_WARN_UNUSED_VARIABLE = YES;
				IPHONEOS_DEPLOYMENT_TARGET = 12.1;
				MTL_ENABLE_DEBUG_INFO = INCLUDE_SOURCE;
				MTL_FAST_MATH = YES;
				ONLY_ACTIVE_ARCH = YES;
				SDKROOT = iphoneos;
				SWIFT_ACTIVE_COMPILATION_CONDITIONS = DEBUG;
				SWIFT_OPTIMIZATION_LEVEL = "-Onone";
			};
			name = Debug;
		};
		D9941DC92269811700D01F97 /* Release */ = {
			isa = XCBuildConfiguration;
			buildSettings = {
				ALWAYS_SEARCH_USER_PATHS = NO;
				CLANG_ANALYZER_NONNULL = YES;
				CLANG_ANALYZER_NUMBER_OBJECT_CONVERSION = YES_AGGRESSIVE;
				CLANG_CXX_LANGUAGE_STANDARD = "gnu++14";
				CLANG_CXX_LIBRARY = "libc++";
				CLANG_ENABLE_MODULES = YES;
				CLANG_ENABLE_OBJC_ARC = YES;
				CLANG_ENABLE_OBJC_WEAK = YES;
				CLANG_WARN_BLOCK_CAPTURE_AUTORELEASING = YES;
				CLANG_WARN_BOOL_CONVERSION = YES;
				CLANG_WARN_COMMA = YES;
				CLANG_WARN_CONSTANT_CONVERSION = YES;
				CLANG_WARN_DEPRECATED_OBJC_IMPLEMENTATIONS = YES;
				CLANG_WARN_DIRECT_OBJC_ISA_USAGE = YES_ERROR;
				CLANG_WARN_DOCUMENTATION_COMMENTS = YES;
				CLANG_WARN_EMPTY_BODY = YES;
				CLANG_WARN_ENUM_CONVERSION = YES;
				CLANG_WARN_INFINITE_RECURSION = YES;
				CLANG_WARN_INT_CONVERSION = YES;
				CLANG_WARN_NON_LITERAL_NULL_CONVERSION = YES;
				CLANG_WARN_OBJC_IMPLICIT_RETAIN_SELF = YES;
				CLANG_WARN_OBJC_LITERAL_CONVERSION = YES;
				CLANG_WARN_OBJC_ROOT_CLASS = YES_ERROR;
				CLANG_WARN_RANGE_LOOP_ANALYSIS = YES;
				CLANG_WARN_STRICT_PROTOTYPES = YES;
				CLANG_WARN_SUSPICIOUS_MOVE = YES;
				CLANG_WARN_UNGUARDED_AVAILABILITY = YES_AGGRESSIVE;
				CLANG_WARN_UNREACHABLE_CODE = YES;
				CLANG_WARN__DUPLICATE_METHOD_MATCH = YES;
				CODE_SIGN_IDENTITY = "iPhone Developer";
				COPY_PHASE_STRIP = NO;
				DEBUG_INFORMATION_FORMAT = "dwarf-with-dsym";
				ENABLE_NS_ASSERTIONS = NO;
				ENABLE_STRICT_OBJC_MSGSEND = YES;
				GCC_C_LANGUAGE_STANDARD = gnu11;
				GCC_NO_COMMON_BLOCKS = YES;
				GCC_WARN_64_TO_32_BIT_CONVERSION = YES;
				GCC_WARN_ABOUT_RETURN_TYPE = YES_ERROR;
				GCC_WARN_UNDECLARED_SELECTOR = YES;
				GCC_WARN_UNINITIALIZED_AUTOS = YES_AGGRESSIVE;
				GCC_WARN_UNUSED_FUNCTION = YES;
				GCC_WARN_UNUSED_VARIABLE = YES;
				IPHONEOS_DEPLOYMENT_TARGET = 12.1;
				MTL_ENABLE_DEBUG_INFO = NO;
				MTL_FAST_MATH = YES;
				SDKROOT = iphoneos;
				SWIFT_COMPILATION_MODE = wholemodule;
				SWIFT_OPTIMIZATION_LEVEL = "-O";
				VALIDATE_PRODUCT = YES;
			};
			name = Release;
		};
		D9941DCB2269811700D01F97 /* Debug */ = {
			isa = XCBuildConfiguration;
			baseConfigurationReference = AAF6B277FA19544F6608A75B /* Pods-GeoDiary.debug.xcconfig */;
			buildSettings = {
				ASSETCATALOG_COMPILER_APPICON_NAME = AppIcon;
				CODE_SIGN_STYLE = Automatic;
				INFOPLIST_FILE = GeoDiary/Info.plist;
				LD_RUNPATH_SEARCH_PATHS = (
					"$(inherited)",
					"@executable_path/Frameworks",
				);
				PRODUCT_BUNDLE_IDENTIFIER = nyu.edu.GeoDiary;
				PRODUCT_NAME = "$(TARGET_NAME)";
				SWIFT_VERSION = 4.2;
				TARGETED_DEVICE_FAMILY = "1,2";
			};
			name = Debug;
		};
		D9941DCC2269811700D01F97 /* Release */ = {
			isa = XCBuildConfiguration;
			baseConfigurationReference = F88B00ABD79A0EB66D66A3B7 /* Pods-GeoDiary.release.xcconfig */;
			buildSettings = {
				ASSETCATALOG_COMPILER_APPICON_NAME = AppIcon;
				CODE_SIGN_STYLE = Automatic;
				INFOPLIST_FILE = GeoDiary/Info.plist;
				LD_RUNPATH_SEARCH_PATHS = (
					"$(inherited)",
					"@executable_path/Frameworks",
				);
				PRODUCT_BUNDLE_IDENTIFIER = nyu.edu.GeoDiary;
				PRODUCT_NAME = "$(TARGET_NAME)";
				SWIFT_VERSION = 4.2;
				TARGETED_DEVICE_FAMILY = "1,2";
			};
			name = Release;
		};
		D9941DCE2269811700D01F97 /* Debug */ = {
			isa = XCBuildConfiguration;
			baseConfigurationReference = E5DF84ACAAFB47C7D486FEE4 /* Pods-GeoDiaryTests.debug.xcconfig */;
			buildSettings = {
				ALWAYS_EMBED_SWIFT_STANDARD_LIBRARIES = YES;
				BUNDLE_LOADER = "$(TEST_HOST)";
				CODE_SIGN_STYLE = Automatic;
				INFOPLIST_FILE = GeoDiaryTests/Info.plist;
				LD_RUNPATH_SEARCH_PATHS = (
					"$(inherited)",
					"@executable_path/Frameworks",
					"@loader_path/Frameworks",
				);
				PRODUCT_BUNDLE_IDENTIFIER = nyu.edu.GeoDiaryTests;
				PRODUCT_NAME = "$(TARGET_NAME)";
				SWIFT_VERSION = 4.2;
				TARGETED_DEVICE_FAMILY = "1,2";
				TEST_HOST = "$(BUILT_PRODUCTS_DIR)/GeoDiary.app/GeoDiary";
			};
			name = Debug;
		};
		D9941DCF2269811700D01F97 /* Release */ = {
			isa = XCBuildConfiguration;
			baseConfigurationReference = F89AB419E3974AD17437CDF4 /* Pods-GeoDiaryTests.release.xcconfig */;
			buildSettings = {
				ALWAYS_EMBED_SWIFT_STANDARD_LIBRARIES = YES;
				BUNDLE_LOADER = "$(TEST_HOST)";
				CODE_SIGN_STYLE = Automatic;
				INFOPLIST_FILE = GeoDiaryTests/Info.plist;
				LD_RUNPATH_SEARCH_PATHS = (
					"$(inherited)",
					"@executable_path/Frameworks",
					"@loader_path/Frameworks",
				);
				PRODUCT_BUNDLE_IDENTIFIER = nyu.edu.GeoDiaryTests;
				PRODUCT_NAME = "$(TARGET_NAME)";
				SWIFT_VERSION = 4.2;
				TARGETED_DEVICE_FAMILY = "1,2";
				TEST_HOST = "$(BUILT_PRODUCTS_DIR)/GeoDiary.app/GeoDiary";
			};
			name = Release;
		};
		D9941DD12269811700D01F97 /* Debug */ = {
			isa = XCBuildConfiguration;
			baseConfigurationReference = CE6C994C1E00BCAD2D21834D /* Pods-GeoDiaryUITests.debug.xcconfig */;
			buildSettings = {
				ALWAYS_EMBED_SWIFT_STANDARD_LIBRARIES = YES;
				CODE_SIGN_STYLE = Automatic;
				INFOPLIST_FILE = GeoDiaryUITests/Info.plist;
				LD_RUNPATH_SEARCH_PATHS = (
					"$(inherited)",
					"@executable_path/Frameworks",
					"@loader_path/Frameworks",
				);
				PRODUCT_BUNDLE_IDENTIFIER = nyu.edu.GeoDiaryUITests;
				PRODUCT_NAME = "$(TARGET_NAME)";
				SWIFT_VERSION = 4.2;
				TARGETED_DEVICE_FAMILY = "1,2";
				TEST_TARGET_NAME = GeoDiary;
			};
			name = Debug;
		};
		D9941DD22269811700D01F97 /* Release */ = {
			isa = XCBuildConfiguration;
			baseConfigurationReference = 1EF819DF9C5328EB9441202D /* Pods-GeoDiaryUITests.release.xcconfig */;
			buildSettings = {
				ALWAYS_EMBED_SWIFT_STANDARD_LIBRARIES = YES;
				CODE_SIGN_STYLE = Automatic;
				INFOPLIST_FILE = GeoDiaryUITests/Info.plist;
				LD_RUNPATH_SEARCH_PATHS = (
					"$(inherited)",
					"@executable_path/Frameworks",
					"@loader_path/Frameworks",
				);
				PRODUCT_BUNDLE_IDENTIFIER = nyu.edu.GeoDiaryUITests;
				PRODUCT_NAME = "$(TARGET_NAME)";
				SWIFT_VERSION = 4.2;
				TARGETED_DEVICE_FAMILY = "1,2";
				TEST_TARGET_NAME = GeoDiary;
			};
			name = Release;
		};
/* End XCBuildConfiguration section */

/* Begin XCConfigurationList section */
		D9941D9D2269811500D01F97 /* Build configuration list for PBXProject "GeoDiary" */ = {
			isa = XCConfigurationList;
			buildConfigurations = (
				D9941DC82269811700D01F97 /* Debug */,
				D9941DC92269811700D01F97 /* Release */,
			);
			defaultConfigurationIsVisible = 0;
			defaultConfigurationName = Release;
		};
		D9941DCA2269811700D01F97 /* Build configuration list for PBXNativeTarget "GeoDiary" */ = {
			isa = XCConfigurationList;
			buildConfigurations = (
				D9941DCB2269811700D01F97 /* Debug */,
				D9941DCC2269811700D01F97 /* Release */,
			);
			defaultConfigurationIsVisible = 0;
			defaultConfigurationName = Release;
		};
		D9941DCD2269811700D01F97 /* Build configuration list for PBXNativeTarget "GeoDiaryTests" */ = {
			isa = XCConfigurationList;
			buildConfigurations = (
				D9941DCE2269811700D01F97 /* Debug */,
				D9941DCF2269811700D01F97 /* Release */,
			);
			defaultConfigurationIsVisible = 0;
			defaultConfigurationName = Release;
		};
		D9941DD02269811700D01F97 /* Build configuration list for PBXNativeTarget "GeoDiaryUITests" */ = {
			isa = XCConfigurationList;
			buildConfigurations = (
				D9941DD12269811700D01F97 /* Debug */,
				D9941DD22269811700D01F97 /* Release */,
			);
			defaultConfigurationIsVisible = 0;
			defaultConfigurationName = Release;
		};
/* End XCConfigurationList section */
	};
	rootObject = D9941D9A2269811500D01F97 /* Project object */;
}
